// !$*UTF8*$!
{
	archiveVersion = 1;
	classes = {
	};
	objectVersion = 55;
	objects = {

/* Begin PBXBuildFile section */
		6D37C0C9277E270500D18521 /* ContentViewRow.swift in Sources */ = {isa = PBXBuildFile; fileRef = 6D37C0C8277E270500D18521 /* ContentViewRow.swift */; };
		6D8A58C9277E02D60098847B /* LearningApp.swift in Sources */ = {isa = PBXBuildFile; fileRef = 6D8A58C8277E02D60098847B /* LearningApp.swift */; };
		6D8A58CB277E02D60098847B /* HomeView.swift in Sources */ = {isa = PBXBuildFile; fileRef = 6D8A58CA277E02D60098847B /* HomeView.swift */; };
		6D8A58CD277E02DC0098847B /* Assets.xcassets in Resources */ = {isa = PBXBuildFile; fileRef = 6D8A58CC277E02DC0098847B /* Assets.xcassets */; };
		6D8A58D0277E02DC0098847B /* Preview Assets.xcassets in Resources */ = {isa = PBXBuildFile; fileRef = 6D8A58CF277E02DC0098847B /* Preview Assets.xcassets */; };
		6D8A58DA277E03DD0098847B /* ContentModel.swift in Sources */ = {isa = PBXBuildFile; fileRef = 6D8A58D9277E03DD0098847B /* ContentModel.swift */; };
		6D8A58DE277E08DB0098847B /* data.json in Resources */ = {isa = PBXBuildFile; fileRef = 6D8A58DD277E08DB0098847B /* data.json */; };
		6D8A58E0277E08E70098847B /* style.html in Resources */ = {isa = PBXBuildFile; fileRef = 6D8A58DF277E08E70098847B /* style.html */; };
		6D8A58E2277E09320098847B /* Models.swift in Sources */ = {isa = PBXBuildFile; fileRef = 6D8A58E1277E09320098847B /* Models.swift */; };
		6D8A58E4277E151E0098847B /* HomeViewRow.swift in Sources */ = {isa = PBXBuildFile; fileRef = 6D8A58E3277E151E0098847B /* HomeViewRow.swift */; };
		6D8A58E6277E1BFF0098847B /* ContentView.swift in Sources */ = {isa = PBXBuildFile; fileRef = 6D8A58E5277E1BFF0098847B /* ContentView.swift */; };
/* End PBXBuildFile section */

/* Begin PBXFileReference section */
		6D37C0C8277E270500D18521 /* ContentViewRow.swift */ = {isa = PBXFileReference; lastKnownFileType = sourcecode.swift; path = ContentViewRow.swift; sourceTree = "<group>"; };
		6D8A58C5277E02D60098847B /* LearningApp.app */ = {isa = PBXFileReference; explicitFileType = wrapper.application; includeInIndex = 0; path = LearningApp.app; sourceTree = BUILT_PRODUCTS_DIR; };
		6D8A58C8277E02D60098847B /* LearningApp.swift */ = {isa = PBXFileReference; lastKnownFileType = sourcecode.swift; path = LearningApp.swift; sourceTree = "<group>"; };
		6D8A58CA277E02D60098847B /* HomeView.swift */ = {isa = PBXFileReference; lastKnownFileType = sourcecode.swift; path = HomeView.swift; sourceTree = "<group>"; };
		6D8A58CC277E02DC0098847B /* Assets.xcassets */ = {isa = PBXFileReference; lastKnownFileType = folder.assetcatalog; path = Assets.xcassets; sourceTree = "<group>"; };
		6D8A58CF277E02DC0098847B /* Preview Assets.xcassets */ = {isa = PBXFileReference; lastKnownFileType = folder.assetcatalog; path = "Preview Assets.xcassets"; sourceTree = "<group>"; };
		6D8A58D9277E03DD0098847B /* ContentModel.swift */ = {isa = PBXFileReference; lastKnownFileType = sourcecode.swift; path = ContentModel.swift; sourceTree = "<group>"; };
		6D8A58DD277E08DB0098847B /* data.json */ = {isa = PBXFileReference; fileEncoding = 4; lastKnownFileType = text.json; path = data.json; sourceTree = "<group>"; };
		6D8A58DF277E08E70098847B /* style.html */ = {isa = PBXFileReference; fileEncoding = 4; lastKnownFileType = text.html; path = style.html; sourceTree = "<group>"; };
		6D8A58E1277E09320098847B /* Models.swift */ = {isa = PBXFileReference; lastKnownFileType = sourcecode.swift; path = Models.swift; sourceTree = "<group>"; };
		6D8A58E3277E151E0098847B /* HomeViewRow.swift */ = {isa = PBXFileReference; lastKnownFileType = sourcecode.swift; path = HomeViewRow.swift; sourceTree = "<group>"; };
		6D8A58E5277E1BFF0098847B /* ContentView.swift */ = {isa = PBXFileReference; lastKnownFileType = sourcecode.swift; path = ContentView.swift; sourceTree = "<group>"; };
/* End PBXFileReference section */

/* Begin PBXFrameworksBuildPhase section */
		6D8A58C2277E02D60098847B /* Frameworks */ = {
			isa = PBXFrameworksBuildPhase;
			buildActionMask = 2147483647;
			files = (
			);
			runOnlyForDeploymentPostprocessing = 0;
		};
/* End PBXFrameworksBuildPhase section */

/* Begin PBXGroup section */
		6D8A58BC277E02D60098847B = {
			isa = PBXGroup;
			children = (
				6D8A58C7277E02D60098847B /* LearningApp */,
				6D8A58C6277E02D60098847B /* Products */,
			);
			sourceTree = "<group>";
		};
		6D8A58C6277E02D60098847B /* Products */ = {
			isa = PBXGroup;
			children = (
				6D8A58C5277E02D60098847B /* LearningApp.app */,
			);
			name = Products;
			sourceTree = "<group>";
		};
		6D8A58C7277E02D60098847B /* LearningApp */ = {
			isa = PBXGroup;
			children = (
				6D8A58C8277E02D60098847B /* LearningApp.swift */,
				6D8A58D6277E02FC0098847B /* Models */,
				6D8A58D7277E03040098847B /* Views */,
				6D8A58D8277E03150098847B /* ViewModels */,
				6D8A58DC277E08910098847B /* Resources */,
				6D8A58DB277E08680098847B /* Utilities */,
				6D8A58CC277E02DC0098847B /* Assets.xcassets */,
				6D8A58CE277E02DC0098847B /* Preview Content */,
			);
			path = LearningApp;
			sourceTree = "<group>";
		};
		6D8A58CE277E02DC0098847B /* Preview Content */ = {
			isa = PBXGroup;
			children = (
				6D8A58CF277E02DC0098847B /* Preview Assets.xcassets */,
			);
			path = "Preview Content";
			sourceTree = "<group>";
		};
		6D8A58D6277E02FC0098847B /* Models */ = {
			isa = PBXGroup;
			children = (
				6D8A58E1277E09320098847B /* Models.swift */,
			);
			path = Models;
			sourceTree = "<group>";
		};
		6D8A58D7277E03040098847B /* Views */ = {
			isa = PBXGroup;
			children = (
				6D8A58CA277E02D60098847B /* HomeView.swift */,
				6D8A58E3277E151E0098847B /* HomeViewRow.swift */,
				6D8A58E5277E1BFF0098847B /* ContentView.swift */,
				6D37C0C8277E270500D18521 /* ContentViewRow.swift */,
			);
			path = Views;
			sourceTree = "<group>";
		};
		6D8A58D8277E03150098847B /* ViewModels */ = {
			isa = PBXGroup;
			children = (
				6D8A58D9277E03DD0098847B /* ContentModel.swift */,
			);
			path = ViewModels;
			sourceTree = "<group>";
		};
		6D8A58DB277E08680098847B /* Utilities */ = {
			isa = PBXGroup;
			children = (
			);
			path = Utilities;
			sourceTree = "<group>";
		};
		6D8A58DC277E08910098847B /* Resources */ = {
			isa = PBXGroup;
			children = (
				6D8A58DD277E08DB0098847B /* data.json */,
				6D8A58DF277E08E70098847B /* style.html */,
			);
			path = Resources;
			sourceTree = "<group>";
		};
/* End PBXGroup section */

/* Begin PBXNativeTarget section */
		6D8A58C4277E02D60098847B /* LearningApp */ = {
			isa = PBXNativeTarget;
			buildConfigurationList = 6D8A58D3277E02DC0098847B /* Build configuration list for PBXNativeTarget "LearningApp" */;
			buildPhases = (
				6D8A58C1277E02D60098847B /* Sources */,
				6D8A58C2277E02D60098847B /* Frameworks */,
				6D8A58C3277E02D60098847B /* Resources */,
			);
			buildRules = (
			);
			dependencies = (
			);
			name = LearningApp;
			productName = LearningApp;
			productReference = 6D8A58C5277E02D60098847B /* LearningApp.app */;
			productType = "com.apple.product-type.application";
		};
/* End PBXNativeTarget section */

/* Begin PBXProject section */
		6D8A58BD277E02D60098847B /* Project object */ = {
			isa = PBXProject;
			attributes = {
				BuildIndependentTargetsInParallel = 1;
				LastSwiftUpdateCheck = 1320;
				LastUpgradeCheck = 1320;
				TargetAttributes = {
					6D8A58C4277E02D60098847B = {
						CreatedOnToolsVersion = 13.2.1;
					};
				};
			};
			buildConfigurationList = 6D8A58C0277E02D60098847B /* Build configuration list for PBXProject "LearningApp" */;
			compatibilityVersion = "Xcode 13.0";
			developmentRegion = en;
			hasScannedForEncodings = 0;
			knownRegions = (
				en,
				Base,
			);
			mainGroup = 6D8A58BC277E02D60098847B;
			productRefGroup = 6D8A58C6277E02D60098847B /* Products */;
			projectDirPath = "";
			projectRoot = "";
			targets = (
				6D8A58C4277E02D60098847B /* LearningApp */,
			);
		};
/* End PBXProject section */

/* Begin PBXResourcesBuildPhase section */
		6D8A58C3277E02D60098847B /* Resources */ = {
			isa = PBXResourcesBuildPhase;
			buildActionMask = 2147483647;
			files = (
				6D8A58D0277E02DC0098847B /* Preview Assets.xcassets in Resources */,
				6D8A58DE277E08DB0098847B /* data.json in Resources */,
				6D8A58E0277E08E70098847B /* style.html in Resources */,
				6D8A58CD277E02DC0098847B /* Assets.xcassets in Resources */,
			);
			runOnlyForDeploymentPostprocessing = 0;
		};
/* End PBXResourcesBuildPhase section */

/* Begin PBXSourcesBuildPhase section */
		6D8A58C1277E02D60098847B /* Sources */ = {
			isa = PBXSourcesBuildPhase;
			buildActionMask = 2147483647;
			files = (
				6D8A58CB277E02D60098847B /* HomeView.swift in Sources */,
				6D8A58E4277E151E0098847B /* HomeViewRow.swift in Sources */,
				6D8A58E6277E1BFF0098847B /* ContentView.swift in Sources */,
				6D8A58C9277E02D60098847B /* LearningApp.swift in Sources */,
				6D37C0C9277E270500D18521 /* ContentViewRow.swift in Sources */,
				6D8A58DA277E03DD0098847B /* ContentModel.swift in Sources */,
				6D8A58E2277E09320098847B /* Models.swift in Sources */,
			);
			runOnlyForDeploymentPostprocessing = 0;
		};
/* End PBXSourcesBuildPhase section */

/* Begin XCBuildConfiguration section */
		6D8A58D1277E02DC0098847B /* Debug */ = {
			isa = XCBuildConfiguration;
			buildSettings = {
				ALWAYS_SEARCH_USER_PATHS = NO;
				CLANG_ANALYZER_NONNULL = YES;
				CLANG_ANALYZER_NUMBER_OBJECT_CONVERSION = YES_AGGRESSIVE;
				CLANG_CXX_LANGUAGE_STANDARD = "gnu++17";
				CLANG_CXX_LIBRARY = "libc++";
				CLANG_ENABLE_MODULES = YES;
				CLANG_ENABLE_OBJC_ARC = YES;
				CLANG_ENABLE_OBJC_WEAK = YES;
				CLANG_WARN_BLOCK_CAPTURE_AUTORELEASING = YES;
				CLANG_WARN_BOOL_CONVERSION = YES;
				CLANG_WARN_COMMA = YES;
				CLANG_WARN_CONSTANT_CONVERSION = YES;
				CLANG_WARN_DEPRECATED_OBJC_IMPLEMENTATIONS = YES;
				CLANG_WARN_DIRECT_OBJC_ISA_USAGE = YES_ERROR;
				CLANG_WARN_DOCUMENTATION_COMMENTS = YES;
				CLANG_WARN_EMPTY_BODY = YES;
				CLANG_WARN_ENUM_CONVERSION = YES;
				CLANG_WARN_INFINITE_RECURSION = YES;
				CLANG_WARN_INT_CONVERSION = YES;
				CLANG_WARN_NON_LITERAL_NULL_CONVERSION = YES;
				CLANG_WARN_OBJC_IMPLICIT_RETAIN_SELF = YES;
				CLANG_WARN_OBJC_LITERAL_CONVERSION = YES;
				CLANG_WARN_OBJC_ROOT_CLASS = YES_ERROR;
				CLANG_WARN_QUOTED_INCLUDE_IN_FRAMEWORK_HEADER = YES;
				CLANG_WARN_RANGE_LOOP_ANALYSIS = YES;
				CLANG_WARN_STRICT_PROTOTYPES = YES;
				CLANG_WARN_SUSPICIOUS_MOVE = YES;
				CLANG_WARN_UNGUARDED_AVAILABILITY = YES_AGGRESSIVE;
				CLANG_WARN_UNREACHABLE_CODE = YES;
				CLANG_WARN__DUPLICATE_METHOD_MATCH = YES;
				COPY_PHASE_STRIP = NO;
				DEBUG_INFORMATION_FORMAT = dwarf;
				ENABLE_STRICT_OBJC_MSGSEND = YES;
				ENABLE_TESTABILITY = YES;
				GCC_C_LANGUAGE_STANDARD = gnu11;
				GCC_DYNAMIC_NO_PIC = NO;
				GCC_NO_COMMON_BLOCKS = YES;
				GCC_OPTIMIZATION_LEVEL = 0;
				GCC_PREPROCESSOR_DEFINITIONS = (
					"DEBUG=1",
					"$(inherited)",
				);
				GCC_WARN_64_TO_32_BIT_CONVERSION = YES;
				GCC_WARN_ABOUT_RETURN_TYPE = YES_ERROR;
				GCC_WARN_UNDECLARED_SELECTOR = YES;
				GCC_WARN_UNINITIALIZED_AUTOS = YES_AGGRESSIVE;
				GCC_WARN_UNUSED_FUNCTION = YES;
				GCC_WARN_UNUSED_VARIABLE = YES;
				IPHONEOS_DEPLOYMENT_TARGET = 15.2;
				MTL_ENABLE_DEBUG_INFO = INCLUDE_SOURCE;
				MTL_FAST_MATH = YES;
				ONLY_ACTIVE_ARCH = YES;
				SDKROOT = iphoneos;
				SWIFT_ACTIVE_COMPILATION_CONDITIONS = DEBUG;
				SWIFT_OPTIMIZATION_LEVEL = "-Onone";
			};
			name = Debug;
		};
		6D8A58D2277E02DC0098847B /* Release */ = {
			isa = XCBuildConfiguration;
			buildSettings = {
				ALWAYS_SEARCH_USER_PATHS = NO;
				CLANG_ANALYZER_NONNULL = YES;
				CLANG_ANALYZER_NUMBER_OBJECT_CONVERSION = YES_AGGRESSIVE;
				CLANG_CXX_LANGUAGE_STANDARD = "gnu++17";
				CLANG_CXX_LIBRARY = "libc++";
				CLANG_ENABLE_MODULES = YES;
				CLANG_ENABLE_OBJC_ARC = YES;
				CLANG_ENABLE_OBJC_WEAK = YES;
				CLANG_WARN_BLOCK_CAPTURE_AUTORELEASING = YES;
				CLANG_WARN_BOOL_CONVERSION = YES;
				CLANG_WARN_COMMA = YES;
				CLANG_WARN_CONSTANT_CONVERSION = YES;
				CLANG_WARN_DEPRECATED_OBJC_IMPLEMENTATIONS = YES;
				CLANG_WARN_DIRECT_OBJC_ISA_USAGE = YES_ERROR;
				CLANG_WARN_DOCUMENTATION_COMMENTS = YES;
				CLANG_WARN_EMPTY_BODY = YES;
				CLANG_WARN_ENUM_CONVERSION = YES;
				CLANG_WARN_INFINITE_RECURSION = YES;
				CLANG_WARN_INT_CONVERSION = YES;
				CLANG_WARN_NON_LITERAL_NULL_CONVERSION = YES;
				CLANG_WARN_OBJC_IMPLICIT_RETAIN_SELF = YES;
				CLANG_WARN_OBJC_LITERAL_CONVERSION = YES;
				CLANG_WARN_OBJC_ROOT_CLASS = YES_ERROR;
				CLANG_WARN_QUOTED_INCLUDE_IN_FRAMEWORK_HEADER = YES;
				CLANG_WARN_RANGE_LOOP_ANALYSIS = YES;
				CLANG_WARN_STRICT_PROTOTYPES = YES;
				CLANG_WARN_SUSPICIOUS_MOVE = YES;
				CLANG_WARN_UNGUARDED_AVAILABILITY = YES_AGGRESSIVE;
				CLANG_WARN_UNREACHABLE_CODE = YES;
				CLANG_WARN__DUPLICATE_METHOD_MATCH = YES;
				COPY_PHASE_STRIP = NO;
				DEBUG_INFORMATION_FORMAT = "dwarf-with-dsym";
				ENABLE_NS_ASSERTIONS = NO;
				ENABLE_STRICT_OBJC_MSGSEND = YES;
				GCC_C_LANGUAGE_STANDARD = gnu11;
				GCC_NO_COMMON_BLOCKS = YES;
				GCC_WARN_64_TO_32_BIT_CONVERSION = YES;
				GCC_WARN_ABOUT_RETURN_TYPE = YES_ERROR;
				GCC_WARN_UNDECLARED_SELECTOR = YES;
				GCC_WARN_UNINITIALIZED_AUTOS = YES_AGGRESSIVE;
				GCC_WARN_UNUSED_FUNCTION = YES;
				GCC_WARN_UNUSED_VARIABLE = YES;
				IPHONEOS_DEPLOYMENT_TARGET = 15.2;
				MTL_ENABLE_DEBUG_INFO = NO;
				MTL_FAST_MATH = YES;
				SDKROOT = iphoneos;
				SWIFT_COMPILATION_MODE = wholemodule;
				SWIFT_OPTIMIZATION_LEVEL = "-O";
				VALIDATE_PRODUCT = YES;
			};
			name = Release;
		};
		6D8A58D4277E02DC0098847B /* Debug */ = {
			isa = XCBuildConfiguration;
			buildSettings = {
				ASSETCATALOG_COMPILER_APPICON_NAME = AppIcon;
				ASSETCATALOG_COMPILER_GLOBAL_ACCENT_COLOR_NAME = AccentColor;
				CODE_SIGN_STYLE = Automatic;
				CURRENT_PROJECT_VERSION = 1;
				DEVELOPMENT_ASSET_PATHS = "\"LearningApp/Preview Content\"";
				DEVELOPMENT_TEAM = UGLAD6D37L;
				ENABLE_PREVIEWS = YES;
				GENERATE_INFOPLIST_FILE = YES;
				INFOPLIST_KEY_UIApplicationSceneManifest_Generation = YES;
				INFOPLIST_KEY_UIApplicationSupportsIndirectInputEvents = YES;
				INFOPLIST_KEY_UILaunchScreen_Generation = YES;
				INFOPLIST_KEY_UISupportedInterfaceOrientations_iPad = "UIInterfaceOrientationPortrait UIInterfaceOrientationPortraitUpsideDown UIInterfaceOrientationLandscapeLeft UIInterfaceOrientationLandscapeRight";
				INFOPLIST_KEY_UISupportedInterfaceOrientations_iPhone = "UIInterfaceOrientationPortrait UIInterfaceOrientationLandscapeLeft UIInterfaceOrientationLandscapeRight";
				LD_RUNPATH_SEARCH_PATHS = (
					"$(inherited)",
					"@executable_path/Frameworks",
				);
				MARKETING_VERSION = 1.0;
				PRODUCT_BUNDLE_IDENTIFIER = "James-Lem.LearningApp";
				PRODUCT_NAME = "$(TARGET_NAME)";
				SWIFT_EMIT_LOC_STRINGS = YES;
				SWIFT_VERSION = 5.0;
				TARGETED_DEVICE_FAMILY = "1,2";
			};
			name = Debug;
		};
		6D8A58D5277E02DC0098847B /* Release */ = {
			isa = XCBuildConfiguration;
			buildSettings = {
				ASSETCATALOG_COMPILER_APPICON_NAME = AppIcon;
				ASSETCATALOG_COMPILER_GLOBAL_ACCENT_COLOR_NAME = AccentColor;
				CODE_SIGN_STYLE = Automatic;
				CURRENT_PROJECT_VERSION = 1;
				DEVELOPMENT_ASSET_PATHS = "\"LearningApp/Preview Content\"";
				DEVELOPMENT_TEAM = UGLAD6D37L;
				ENABLE_PREVIEWS = YES;
				GENERATE_INFOPLIST_FILE = YES;
				INFOPLIST_KEY_UIApplicationSceneManifest_Generation = YES;
				INFOPLIST_KEY_UIApplicationSupportsIndirectInputEvents = YES;
				INFOPLIST_KEY_UILaunchScreen_Generation = YES;
				INFOPLIST_KEY_UISupportedInterfaceOrientations_iPad = "UIInterfaceOrientationPortrait UIInterfaceOrientationPortraitUpsideDown UIInterfaceOrientationLandscapeLeft UIInterfaceOrientationLandscapeRight";
				INFOPLIST_KEY_UISupportedInterfaceOrientations_iPhone = "UIInterfaceOrientationPortrait UIInterfaceOrientationLandscapeLeft UIInterfaceOrientationLandscapeRight";
				LD_RUNPATH_SEARCH_PATHS = (
					"$(inherited)",
					"@executable_path/Frameworks",
				);
				MARKETING_VERSION = 1.0;
				PRODUCT_BUNDLE_IDENTIFIER = "James-Lem.LearningApp";
				PRODUCT_NAME = "$(TARGET_NAME)";
				SWIFT_EMIT_LOC_STRINGS = YES;
				SWIFT_VERSION = 5.0;
				TARGETED_DEVICE_FAMILY = "1,2";
			};
			name = Release;
		};
/* End XCBuildConfiguration section */

/* Begin XCConfigurationList section */
		6D8A58C0277E02D60098847B /* Build configuration list for PBXProject "LearningApp" */ = {
			isa = XCConfigurationList;
			buildConfigurations = (
				6D8A58D1277E02DC0098847B /* Debug */,
				6D8A58D2277E02DC0098847B /* Release */,
			);
			defaultConfigurationIsVisible = 0;
			defaultConfigurationName = Release;
		};
		6D8A58D3277E02DC0098847B /* Build configuration list for PBXNativeTarget "LearningApp" */ = {
			isa = XCConfigurationList;
			buildConfigurations = (
				6D8A58D4277E02DC0098847B /* Debug */,
				6D8A58D5277E02DC0098847B /* Release */,
			);
			defaultConfigurationIsVisible = 0;
			defaultConfigurationName = Release;
		};
/* End XCConfigurationList section */
	};
	rootObject = 6D8A58BD277E02D60098847B /* Project object */;
}
